
Microsoft Visual Studio Solution File, Format Version 12.00
# Visual Studio Version 17
VisualStudioVersion = 17.11.35431.28
MinimumVisualStudioVersion = 10.0.40219.1
Project("{8BC9CEB8-8B4A-11D0-8D11-00A0C91BC942}") = "CTP行情Demo", "CTP行情Demo\CTP行情Demo.vcxproj", "{D5E964D2-02FC-4D50-983B-26ED0E256581}"
EndProject
Global
	GlobalSection(SolutionConfigurationPlatforms) = preSolution
		Debug|x64 = Debug|x64
		Debug|x86 = Debug|x86
		Release|x64 = Release|x64
		Release|x86 = Release|x86
	EndGlobalSection
	GlobalSection(ProjectConfigurationPlatforms) = postSolution
		{D5E964D2-02FC-4D50-983B-26ED0E256581}.Debug|x64.ActiveCfg = Debug|x64
		{D5E964D2-02FC-4D50-983B-26ED0E256581}.Debug|x64.Build.0 = Debug|x64
		{D5E964D2-02FC-4D50-983B-26ED0E256581}.Debug|x86.ActiveCfg = Debug|Win32
		{D5E964D2-02FC-4D50-983B-26ED0E256581}.Debug|x86.Build.0 = Debug|Win32
		{D5E964D2-02FC-4D50-983B-26ED0E256581}.Release|x64.ActiveCfg = Release|x64
		{D5E964D2-02FC-4D50-983B-26ED0E256581}.Release|x64.Build.0 = Release|x64
		{D5E964D2-02FC-4D50-983B-26ED0E256581}.Release|x86.ActiveCfg = Release|Win32
		{D5E964D2-02FC-4D50-983B-26ED0E256581}.Release|x86.Build.0 = Release|Win32
	EndGlobalSection
	GlobalSection(SolutionProperties) = preSolution
		HideSolutionNode = FALSE
	EndGlobalSection
	GlobalSection(ExtensibilityGlobals) = postSolution
		SolutionGuid = {59ECFA15-D9FE-4EFE-880A-6EEBCD3410E5}
	EndGlobalSection
EndGlobal
